
Microsoft Visual Studio Solution File, Format Version 12.00
# Visual Studio Version 17
VisualStudioVersion = 17.0.31903.59
MinimumVisualStudioVersion = 10.0.40219.1
Project("{FAE04EC0-301F-11D3-BF4B-00C04F79EFBC}") = "open", "open\open.csproj", "{A384871A-614B-4026-AF27-8133AD04F1BD}"
EndProject
Project("{FAE04EC0-301F-11D3-BF4B-00C04F79EFBC}") = "klemmbrett", "klemmbrett\klemmbrett.csproj", "{0BC5D1C1-8D35-4093-822E-3CADAE186708}"
EndProject
Project("{FAE04EC0-301F-11D3-BF4B-00C04F79EFBC}") = "file", "file\file.csproj", "{8F3C21D0-66C7-4B27-85EC-25A8546AA72D}"
EndProject
Project("{FAE04EC0-301F-11D3-BF4B-00C04F79EFBC}") = "recycle", "recycle\recycle.csproj", "{1AEDFF96-36F1-4317-A21D-43A0FAFE712C}"
EndProject
Project("{FAE04EC0-301F-11D3-BF4B-00C04F79EFBC}") = "hexe", "hexe\hexe.csproj", "{24621B6B-1ACA-46D5-B5AC-54AA012C7968}"
EndProject
Project("{FAE04EC0-301F-11D3-BF4B-00C04F79EFBC}") = "subnet", "subnet\subnet.csproj", "{D4D77C73-4649-43F2-A898-1B410D61386B}"
EndProject
Project("{9A19103F-16F7-4668-BE54-9A1E7A4F7556}") = "tail", "tail\tail.csproj", "{4D3BB668-599E-489B-AC82-9D9827FA43D2}"
EndProject
Project("{FAE04EC0-301F-11D3-BF4B-00C04F79EFBC}") = "google", "google\google.csproj", "{198C7D8B-7551-46F8-9121-349063E4C5C1}"
EndProject
Project("{FAE04EC0-301F-11D3-BF4B-00C04F79EFBC}") = "ConsoleUtilsCore", "ConsoleUtilsCore\ConsoleUtilsCore.csproj", "{F2EEE824-5019-44F2-A06A-F7AEF10C2549}"
EndProject
Project("{FAE04EC0-301F-11D3-BF4B-00C04F79EFBC}") = "gremlins", "gremlins\gremlins.csproj", "{F6556EE2-3B76-4B9F-9163-586D4573714F}"
EndProject
Global
	GlobalSection(SolutionConfigurationPlatforms) = preSolution
		Debug|Any CPU = Debug|Any CPU
		Release|Any CPU = Release|Any CPU
	EndGlobalSection
	GlobalSection(ProjectConfigurationPlatforms) = postSolution
		{A384871A-614B-4026-AF27-8133AD04F1BD}.Debug|Any CPU.ActiveCfg = Debug|Any CPU
		{A384871A-614B-4026-AF27-8133AD04F1BD}.Debug|Any CPU.Build.0 = Debug|Any CPU
		{A384871A-614B-4026-AF27-8133AD04F1BD}.Release|Any CPU.ActiveCfg = Release|Any CPU
		{A384871A-614B-4026-AF27-8133AD04F1BD}.Release|Any CPU.Build.0 = Release|Any CPU
		{0BC5D1C1-8D35-4093-822E-3CADAE186708}.Debug|Any CPU.ActiveCfg = Debug|Any CPU
		{0BC5D1C1-8D35-4093-822E-3CADAE186708}.Debug|Any CPU.Build.0 = Debug|Any CPU
		{0BC5D1C1-8D35-4093-822E-3CADAE186708}.Release|Any CPU.ActiveCfg = Release|Any CPU
		{0BC5D1C1-8D35-4093-822E-3CADAE186708}.Release|Any CPU.Build.0 = Release|Any CPU
		{8F3C21D0-66C7-4B27-85EC-25A8546AA72D}.Debug|Any CPU.ActiveCfg = Debug|Any CPU
		{8F3C21D0-66C7-4B27-85EC-25A8546AA72D}.Debug|Any CPU.Build.0 = Debug|Any CPU
		{8F3C21D0-66C7-4B27-85EC-25A8546AA72D}.Release|Any CPU.ActiveCfg = Release|Any CPU
		{8F3C21D0-66C7-4B27-85EC-25A8546AA72D}.Release|Any CPU.Build.0 = Release|Any CPU
		{1AEDFF96-36F1-4317-A21D-43A0FAFE712C}.Debug|Any CPU.ActiveCfg = Debug|Any CPU
		{1AEDFF96-36F1-4317-A21D-43A0FAFE712C}.Debug|Any CPU.Build.0 = Debug|Any CPU
		{1AEDFF96-36F1-4317-A21D-43A0FAFE712C}.Release|Any CPU.ActiveCfg = Release|Any CPU
		{1AEDFF96-36F1-4317-A21D-43A0FAFE712C}.Release|Any CPU.Build.0 = Release|Any CPU
		{24621B6B-1ACA-46D5-B5AC-54AA012C7968}.Debug|Any CPU.ActiveCfg = Debug|Any CPU
		{24621B6B-1ACA-46D5-B5AC-54AA012C7968}.Debug|Any CPU.Build.0 = Debug|Any CPU
		{24621B6B-1ACA-46D5-B5AC-54AA012C7968}.Release|Any CPU.ActiveCfg = Release|Any CPU
		{24621B6B-1ACA-46D5-B5AC-54AA012C7968}.Release|Any CPU.Build.0 = Release|Any CPU
		{D4D77C73-4649-43F2-A898-1B410D61386B}.Debug|Any CPU.ActiveCfg = Debug|Any CPU
		{D4D77C73-4649-43F2-A898-1B410D61386B}.Debug|Any CPU.Build.0 = Debug|Any CPU
		{D4D77C73-4649-43F2-A898-1B410D61386B}.Release|Any CPU.ActiveCfg = Release|Any CPU
		{D4D77C73-4649-43F2-A898-1B410D61386B}.Release|Any CPU.Build.0 = Release|Any CPU
		{4D3BB668-599E-489B-AC82-9D9827FA43D2}.Debug|Any CPU.ActiveCfg = Debug|Any CPU
		{4D3BB668-599E-489B-AC82-9D9827FA43D2}.Debug|Any CPU.Build.0 = Debug|Any CPU
		{4D3BB668-599E-489B-AC82-9D9827FA43D2}.Release|Any CPU.ActiveCfg = Release|Any CPU
		{4D3BB668-599E-489B-AC82-9D9827FA43D2}.Release|Any CPU.Build.0 = Release|Any CPU
		{198C7D8B-7551-46F8-9121-349063E4C5C1}.Debug|Any CPU.ActiveCfg = Debug|Any CPU
		{198C7D8B-7551-46F8-9121-349063E4C5C1}.Debug|Any CPU.Build.0 = Debug|Any CPU
		{198C7D8B-7551-46F8-9121-349063E4C5C1}.Release|Any CPU.ActiveCfg = Release|Any CPU
		{198C7D8B-7551-46F8-9121-349063E4C5C1}.Release|Any CPU.Build.0 = Release|Any CPU
		{F2EEE824-5019-44F2-A06A-F7AEF10C2549}.Debug|Any CPU.ActiveCfg = Debug|Any CPU
		{F2EEE824-5019-44F2-A06A-F7AEF10C2549}.Debug|Any CPU.Build.0 = Debug|Any CPU
		{F2EEE824-5019-44F2-A06A-F7AEF10C2549}.Release|Any CPU.ActiveCfg = Release|Any CPU
		{F2EEE824-5019-44F2-A06A-F7AEF10C2549}.Release|Any CPU.Build.0 = Release|Any CPU
		{F6556EE2-3B76-4B9F-9163-586D4573714F}.Debug|Any CPU.ActiveCfg = Debug|Any CPU
		{F6556EE2-3B76-4B9F-9163-586D4573714F}.Debug|Any CPU.Build.0 = Debug|Any CPU
		{F6556EE2-3B76-4B9F-9163-586D4573714F}.Release|Any CPU.ActiveCfg = Release|Any CPU
		{F6556EE2-3B76-4B9F-9163-586D4573714F}.Release|Any CPU.Build.0 = Release|Any CPU
	EndGlobalSection
	GlobalSection(SolutionProperties) = preSolution
		HideSolutionNode = FALSE
	EndGlobalSection
	GlobalSection(ExtensibilityGlobals) = postSolution
		SolutionGuid = {52FD1195-2EA0-471B-B913-1BB9FC8E8F60}
	EndGlobalSection
EndGlobal
